
Microsoft Visual Studio Solution File, Format Version 12.00
# Visual Studio Version 16
VisualStudioVersion = 16.0.32228.343
MinimumVisualStudioVersion = 10.0.40219.1
Project("{FAE04EC0-301F-11D3-BF4B-00C04F79EFBC}") = "for8lab", "for8lab\for8lab.csproj", "{54CFF9BF-0031-400C-9780-E6033D0A6717}"
EndProject
Global
	GlobalSection(SolutionConfigurationPlatforms) = preSolution
		Debug|Any CPU = Debug|Any CPU
		Release|Any CPU = Release|Any CPU
	EndGlobalSection
	GlobalSection(ProjectConfigurationPlatforms) = postSolution
		{54CFF9BF-0031-400C-9780-E6033D0A6717}.Debug|Any CPU.ActiveCfg = Debug|Any CPU
		{54CFF9BF-0031-400C-9780-E6033D0A6717}.Debug|Any CPU.Build.0 = Debug|Any CPU
		{54CFF9BF-0031-400C-9780-E6033D0A6717}.Release|Any CPU.ActiveCfg = Release|Any CPU
		{54CFF9BF-0031-400C-9780-E6033D0A6717}.Release|Any CPU.Build.0 = Release|Any CPU
	EndGlobalSection
	GlobalSection(SolutionProperties) = preSolution
		HideSolutionNode = FALSE
	EndGlobalSection
	GlobalSection(ExtensibilityGlobals) = postSolution
		SolutionGuid = {D924E79C-44E2-4442-926F-5C411755C8D7}
	EndGlobalSection
EndGlobal
